
Microsoft Visual Studio Solution File, Format Version 12.00
# Visual Studio 15
VisualStudioVersion = 15.0.26124.0
MinimumVisualStudioVersion = 15.0.26124.0
Project("{FAE04EC0-301F-11D3-BF4B-00C04F79EFBC}") = "Api", "Api\Api.csproj", "{4E6D078F-B5C4-4F3C-A467-12EC331FC6AD}"
EndProject
Project("{FAE04EC0-301F-11D3-BF4B-00C04F79EFBC}") = "Data", "Data\Data.csproj", "{727499D2-2562-43FF-9905-D1FEFB21EBB7}"
EndProject
Project("{FAE04EC0-301F-11D3-BF4B-00C04F79EFBC}") = "Model", "Model\Model.csproj", "{0D09D3E8-4ED9-4B4E-AD0F-1BCEE39B69E0}"
EndProject
Global
	GlobalSection(SolutionConfigurationPlatforms) = preSolution
		Debug|Any CPU = Debug|Any CPU
		Debug|x64 = Debug|x64
		Debug|x86 = Debug|x86
		Release|Any CPU = Release|Any CPU
		Release|x64 = Release|x64
		Release|x86 = Release|x86
	EndGlobalSection
	GlobalSection(SolutionProperties) = preSolution
		HideSolutionNode = FALSE
	EndGlobalSection
	GlobalSection(ProjectConfigurationPlatforms) = postSolution
		{4E6D078F-B5C4-4F3C-A467-12EC331FC6AD}.Debug|Any CPU.ActiveCfg = Debug|Any CPU
		{4E6D078F-B5C4-4F3C-A467-12EC331FC6AD}.Debug|Any CPU.Build.0 = Debug|Any CPU
		{4E6D078F-B5C4-4F3C-A467-12EC331FC6AD}.Debug|x64.ActiveCfg = Debug|Any CPU
		{4E6D078F-B5C4-4F3C-A467-12EC331FC6AD}.Debug|x64.Build.0 = Debug|Any CPU
		{4E6D078F-B5C4-4F3C-A467-12EC331FC6AD}.Debug|x86.ActiveCfg = Debug|Any CPU
		{4E6D078F-B5C4-4F3C-A467-12EC331FC6AD}.Debug|x86.Build.0 = Debug|Any CPU
		{4E6D078F-B5C4-4F3C-A467-12EC331FC6AD}.Release|Any CPU.ActiveCfg = Release|Any CPU
		{4E6D078F-B5C4-4F3C-A467-12EC331FC6AD}.Release|Any CPU.Build.0 = Release|Any CPU
		{4E6D078F-B5C4-4F3C-A467-12EC331FC6AD}.Release|x64.ActiveCfg = Release|Any CPU
		{4E6D078F-B5C4-4F3C-A467-12EC331FC6AD}.Release|x64.Build.0 = Release|Any CPU
		{4E6D078F-B5C4-4F3C-A467-12EC331FC6AD}.Release|x86.ActiveCfg = Release|Any CPU
		{4E6D078F-B5C4-4F3C-A467-12EC331FC6AD}.Release|x86.Build.0 = Release|Any CPU
		{727499D2-2562-43FF-9905-D1FEFB21EBB7}.Debug|Any CPU.ActiveCfg = Debug|Any CPU
		{727499D2-2562-43FF-9905-D1FEFB21EBB7}.Debug|Any CPU.Build.0 = Debug|Any CPU
		{727499D2-2562-43FF-9905-D1FEFB21EBB7}.Debug|x64.ActiveCfg = Debug|Any CPU
		{727499D2-2562-43FF-9905-D1FEFB21EBB7}.Debug|x64.Build.0 = Debug|Any CPU
		{727499D2-2562-43FF-9905-D1FEFB21EBB7}.Debug|x86.ActiveCfg = Debug|Any CPU
		{727499D2-2562-43FF-9905-D1FEFB21EBB7}.Debug|x86.Build.0 = Debug|Any CPU
		{727499D2-2562-43FF-9905-D1FEFB21EBB7}.Release|Any CPU.ActiveCfg = Release|Any CPU
		{727499D2-2562-43FF-9905-D1FEFB21EBB7}.Release|Any CPU.Build.0 = Release|Any CPU
		{727499D2-2562-43FF-9905-D1FEFB21EBB7}.Release|x64.ActiveCfg = Release|Any CPU
		{727499D2-2562-43FF-9905-D1FEFB21EBB7}.Release|x64.Build.0 = Release|Any CPU
		{727499D2-2562-43FF-9905-D1FEFB21EBB7}.Release|x86.ActiveCfg = Release|Any CPU
		{727499D2-2562-43FF-9905-D1FEFB21EBB7}.Release|x86.Build.0 = Release|Any CPU
		{0D09D3E8-4ED9-4B4E-AD0F-1BCEE39B69E0}.Debug|Any CPU.ActiveCfg = Debug|Any CPU
		{0D09D3E8-4ED9-4B4E-AD0F-1BCEE39B69E0}.Debug|Any CPU.Build.0 = Debug|Any CPU
		{0D09D3E8-4ED9-4B4E-AD0F-1BCEE39B69E0}.Debug|x64.ActiveCfg = Debug|Any CPU
		{0D09D3E8-4ED9-4B4E-AD0F-1BCEE39B69E0}.Debug|x64.Build.0 = Debug|Any CPU
		{0D09D3E8-4ED9-4B4E-AD0F-1BCEE39B69E0}.Debug|x86.ActiveCfg = Debug|Any CPU
		{0D09D3E8-4ED9-4B4E-AD0F-1BCEE39B69E0}.Debug|x86.Build.0 = Debug|Any CPU
		{0D09D3E8-4ED9-4B4E-AD0F-1BCEE39B69E0}.Release|Any CPU.ActiveCfg = Release|Any CPU
		{0D09D3E8-4ED9-4B4E-AD0F-1BCEE39B69E0}.Release|Any CPU.Build.0 = Release|Any CPU
		{0D09D3E8-4ED9-4B4E-AD0F-1BCEE39B69E0}.Release|x64.ActiveCfg = Release|Any CPU
		{0D09D3E8-4ED9-4B4E-AD0F-1BCEE39B69E0}.Release|x64.Build.0 = Release|Any CPU
		{0D09D3E8-4ED9-4B4E-AD0F-1BCEE39B69E0}.Release|x86.ActiveCfg = Release|Any CPU
		{0D09D3E8-4ED9-4B4E-AD0F-1BCEE39B69E0}.Release|x86.Build.0 = Release|Any CPU
	EndGlobalSection
EndGlobal
